# This file is automatically @generated by Poetry 1.8.2 and should not be changed by hand.

[[package]]
name = "obsidian-to-hugo"
version = "12023.3.21"
description = "Process Obsidian notes to publish them with Hugo. Transforms Obsidian wiki links into Hugo shortcodes for internal linking."
optional = false
python-versions = ">=3.6"
files = [
    {file = "obsidian_to_hugo-12023.3.21-py3-none-any.whl", hash = "sha256:af2fce20bdfee9234472bc250567195e928dfa549451314c89419c2ba79d7883"},
    {file = "obsidian_to_hugo-12023.3.21.tar.gz", hash = "sha256:14c9ad0f60cdb40b095b047f96c89a6a936fc28a3905d6555ebf38479e813e74"},
]

[metadata]
lock-version = "2.0"
python-versions = "^3.10"
content-hash = "b7f7b026d883daa662984666791e78ff0f02546d641a15faf5d5ae8a57ee6edf"
